{
  "name": "node-websockets",
  "version": "1.0.0",
  "lockfileVersion": 3,
  "requires": true,
  "packages": {
    "": {
      "version": "1.0.0",
      "license": "ISC",
      "dependencies": {
        "express": "^4.22.1",
        "nodemon": "^3.1.0",
        "socketio": "^1.0.0"
      },
      "devDependencies": {
        "@babel/cli": "^7.24.5",
        "@babel/core": "^7.5.5",
        "@babel/node": "^7.5.5",
        "@babel/preset-env": "^7.5.5"
      }
    },
    "node_modules/@babel/cli": {
      "version": "7.24.5",
      "resolved": "https://registry.npmjs.org/@babel/cli/-/cli-7.24.5.tgz",
      "integrity": "sha512-2qg1mYtJRsOOWF6IUwLP5jI42P8Cc0hQ5TmnjLrik/4DKouO8dFJN80HEz81VmVeUs97yuuf3vQ/9j7Elrcjlg==",
      "dev": true,
      "dependencies": {
        "@jridgewell/trace-mapping": "^0.3.25",
        "commander": "^4.0.1",
        "convert-source-map": "^2.0.0",
        "fs-readdir-recursive": "^1.1.0",
        "glob": "^7.2.0",
        "make-dir": "^2.1.0",
        "slash": "^2.0.0",
        "lodash": "4.17.23"
      },
      "bin": {
        "babel": "bin/babel.js",
        "babel-external-helpers": "bin/babel-external-helpers.js"
      },
      "engines": {
        "node": ">=6.9.0"
      },
      "optionalDependencies": {
        "@nicolo-ribaudo/chokidar-2": "2.1.8-no-fsevents.3",
        "chokidar": "^3.4.0"
      },
      "peerDependencies": {
        "@babel/core": "^7.0.0-0"
      }
    },
    "node_modules/@babel/core": {
      "version": "7.5.5",
      "resolved": "https://registry.npmjs.org/@babel/core/-/core-7.5.5.tgz",
      "integrity": "sha512-i4qoSr2KTtce0DmkuuQBV4AuQgGPUcPXMr9L5MyYAtk06z068lQ10a4O009fe5OB/DfNV+h+qqT7ddNV8UnRjg==",
      "dev": true,
      "dependencies": {
        "@babel/code-frame": "^7.5.5",
        "@babel/generator": "^7.5.5",
        "@babel/helpers": "^7.5.5",
        "@babel/parser": "^7.5.5",
        "@babel/template": "^7.4.4",
        "@babel/traverse": "^7.5.5",
        "@babel/types": "^7.5.5",
        "convert-source-map": "^1.1.0",
        "debug": "^4.1.0",
        "json5": "^2.1.0",
        "lodash": "4.17.23",
        "resolve": "^1.3.2",
        "semver": "^5.4.1",
        "source-map": "^0.5.0"
      },
      "engines": {
        "node": ">=6.9.0"
      }
    },
    "node_modules/lodash": {
      "version": "4.17.23",
      "resolved": "https://registry.npmjs.org/lodash/-/lodash-4.17.23.tgz",
      "integrity": "sha512-0KpjqXRVvrYyCsX1swR/XTK0va6dL404EQci5A5sBmwupQQFhMY2vP8kAt+6BxXX5K9f+FSvMadv6qkaxAQAA=="
    }
  }
}